{
  "name": "soal_matematika",
  "version": "1.0.0",
  "lockfileVersion": 3,
  "requires": true,
  "packages": {
    "": {
      "name": "soal_matematika",
      "version": "1.0.0",
      "license": "ISC",
      "dependencies": {
        "guided": "file:.."
      }
    },
    "..": {
      "name": "guided",
      "version": "1.0.0",
      "license": "ISC"
    },
    "node_modules/guided": {
      "resolved": "..",
      "link": true
    }
  }
}
